
Microsoft Visual Studio Solution File, Format Version 12.00
# Visual Studio Version 16
VisualStudioVersion = 16.0.31019.35
MinimumVisualStudioVersion = 10.0.40219.1
Project("{FAE04EC0-301F-11D3-BF4B-00C04F79EFBC}") = "Function", "Function\Function.csproj", "{C674D4F1-D561-403E-B804-F6667A66E306}"
EndProject
Global
	GlobalSection(SolutionConfigurationPlatforms) = preSolution
		Debug|Any CPU = Debug|Any CPU
		Release|Any CPU = Release|Any CPU
	EndGlobalSection
	GlobalSection(ProjectConfigurationPlatforms) = postSolution
		{C674D4F1-D561-403E-B804-F6667A66E306}.Debug|Any CPU.ActiveCfg = Debug|Any CPU
		{C674D4F1-D561-403E-B804-F6667A66E306}.Debug|Any CPU.Build.0 = Debug|Any CPU
		{C674D4F1-D561-403E-B804-F6667A66E306}.Release|Any CPU.ActiveCfg = Release|Any CPU
		{C674D4F1-D561-403E-B804-F6667A66E306}.Release|Any CPU.Build.0 = Release|Any CPU
	EndGlobalSection
	GlobalSection(SolutionProperties) = preSolution
		HideSolutionNode = FALSE
	EndGlobalSection
	GlobalSection(ExtensibilityGlobals) = postSolution
		SolutionGuid = {4FDC51BD-E5AC-408E-89AF-80CC751BF6D0}
	EndGlobalSection
EndGlobal
