
Microsoft Visual Studio Solution File, Format Version 12.00
# Visual Studio Version 16
VisualStudioVersion = 16.0.30413.136
MinimumVisualStudioVersion = 10.0.40219.1
Project("{FAE04EC0-301F-11D3-BF4B-00C04F79EFBC}") = "Variable", "Variable\Variable.csproj", "{C92F7CEF-08CF-4DD5-BC8B-6F606C26A7A3}"
EndProject
Global
	GlobalSection(SolutionConfigurationPlatforms) = preSolution
		Debug|Any CPU = Debug|Any CPU
		Release|Any CPU = Release|Any CPU
	EndGlobalSection
	GlobalSection(ProjectConfigurationPlatforms) = postSolution
		{C92F7CEF-08CF-4DD5-BC8B-6F606C26A7A3}.Debug|Any CPU.ActiveCfg = Debug|Any CPU
		{C92F7CEF-08CF-4DD5-BC8B-6F606C26A7A3}.Debug|Any CPU.Build.0 = Debug|Any CPU
		{C92F7CEF-08CF-4DD5-BC8B-6F606C26A7A3}.Release|Any CPU.ActiveCfg = Release|Any CPU
		{C92F7CEF-08CF-4DD5-BC8B-6F606C26A7A3}.Release|Any CPU.Build.0 = Release|Any CPU
	EndGlobalSection
	GlobalSection(SolutionProperties) = preSolution
		HideSolutionNode = FALSE
	EndGlobalSection
	GlobalSection(ExtensibilityGlobals) = postSolution
		SolutionGuid = {DECCFA48-BAB8-442C-8F18-31735DD9B658}
	EndGlobalSection
EndGlobal
