
Microsoft Visual Studio Solution File, Format Version 12.00
# Visual Studio Version 16
VisualStudioVersion = 16.0.30413.136
MinimumVisualStudioVersion = 10.0.40219.1
Project("{FAE04EC0-301F-11D3-BF4B-00C04F79EFBC}") = "Memory1", "Memory1\Memory1.csproj", "{286C421B-B499-488E-BD94-9014400745FE}"
EndProject
Global
	GlobalSection(SolutionConfigurationPlatforms) = preSolution
		Debug|Any CPU = Debug|Any CPU
		Release|Any CPU = Release|Any CPU
	EndGlobalSection
	GlobalSection(ProjectConfigurationPlatforms) = postSolution
		{286C421B-B499-488E-BD94-9014400745FE}.Debug|Any CPU.ActiveCfg = Debug|Any CPU
		{286C421B-B499-488E-BD94-9014400745FE}.Debug|Any CPU.Build.0 = Debug|Any CPU
		{286C421B-B499-488E-BD94-9014400745FE}.Release|Any CPU.ActiveCfg = Release|Any CPU
		{286C421B-B499-488E-BD94-9014400745FE}.Release|Any CPU.Build.0 = Release|Any CPU
	EndGlobalSection
	GlobalSection(SolutionProperties) = preSolution
		HideSolutionNode = FALSE
	EndGlobalSection
	GlobalSection(ExtensibilityGlobals) = postSolution
		SolutionGuid = {C29C69E2-E329-4EED-9DA6-BF9E2D2BF219}
	EndGlobalSection
EndGlobal
